
Microsoft Visual Studio Solution File, Format Version 12.00
# Visual Studio Version 17
VisualStudioVersion = 17.9.34622.214
MinimumVisualStudioVersion = 10.0.40219.1
Project("{8BC9CEB8-8B4A-11D0-8D11-00A0C91BC942}") = "stl", "stl.vcxproj", "{3537DF64-6DB1-43CB-B31C-E7235212E11F}"
EndProject
Global
	GlobalSection(SolutionConfigurationPlatforms) = preSolution
		Debug|x64 = Debug|x64
		Debug|x86 = Debug|x86
		Release|x64 = Release|x64
		Release|x86 = Release|x86
	EndGlobalSection
	GlobalSection(ProjectConfigurationPlatforms) = postSolution
		{3537DF64-6DB1-43CB-B31C-E7235212E11F}.Debug|x64.ActiveCfg = Debug|x64
		{3537DF64-6DB1-43CB-B31C-E7235212E11F}.Debug|x64.Build.0 = Debug|x64
		{3537DF64-6DB1-43CB-B31C-E7235212E11F}.Debug|x86.ActiveCfg = Debug|Win32
		{3537DF64-6DB1-43CB-B31C-E7235212E11F}.Debug|x86.Build.0 = Debug|Win32
		{3537DF64-6DB1-43CB-B31C-E7235212E11F}.Release|x64.ActiveCfg = Release|x64
		{3537DF64-6DB1-43CB-B31C-E7235212E11F}.Release|x64.Build.0 = Release|x64
		{3537DF64-6DB1-43CB-B31C-E7235212E11F}.Release|x86.ActiveCfg = Release|Win32
		{3537DF64-6DB1-43CB-B31C-E7235212E11F}.Release|x86.Build.0 = Release|Win32
	EndGlobalSection
	GlobalSection(SolutionProperties) = preSolution
		HideSolutionNode = FALSE
	EndGlobalSection
	GlobalSection(ExtensibilityGlobals) = postSolution
		SolutionGuid = {43F28346-9DCF-47A7-8A1D-EA8F2DC4B2E3}
	EndGlobalSection
EndGlobal
